
Microsoft Visual Studio Solution File, Format Version 12.00
# Visual Studio 14
VisualStudioVersion = 14.0.25420.1
MinimumVisualStudioVersion = 10.0.40219.1
Project("{FAE04EC0-301F-11D3-BF4B-00C04F79EFBC}") = "ApartmentWebApi", "ApartmentWebApi\ApartmentWebApi.csproj", "{24DB968E-B832-4C23-8EDC-91FDECDC0AC1}"
EndProject
Project("{FAE04EC0-301F-11D3-BF4B-00C04F79EFBC}") = "ApartmentDataAccess", "ApartmentDataAccess\ApartmentDataAccess.csproj", "{F2E98400-A21C-4600-B7EC-1B8D3F84C3CD}"
EndProject
Global
	GlobalSection(SolutionConfigurationPlatforms) = preSolution
		Debug|Any CPU = Debug|Any CPU
		Release|Any CPU = Release|Any CPU
	EndGlobalSection
	GlobalSection(ProjectConfigurationPlatforms) = postSolution
		{24DB968E-B832-4C23-8EDC-91FDECDC0AC1}.Debug|Any CPU.ActiveCfg = Debug|Any CPU
		{24DB968E-B832-4C23-8EDC-91FDECDC0AC1}.Debug|Any CPU.Build.0 = Debug|Any CPU
		{24DB968E-B832-4C23-8EDC-91FDECDC0AC1}.Release|Any CPU.ActiveCfg = Release|Any CPU
		{24DB968E-B832-4C23-8EDC-91FDECDC0AC1}.Release|Any CPU.Build.0 = Release|Any CPU
		{F2E98400-A21C-4600-B7EC-1B8D3F84C3CD}.Debug|Any CPU.ActiveCfg = Debug|Any CPU
		{F2E98400-A21C-4600-B7EC-1B8D3F84C3CD}.Debug|Any CPU.Build.0 = Debug|Any CPU
		{F2E98400-A21C-4600-B7EC-1B8D3F84C3CD}.Release|Any CPU.ActiveCfg = Release|Any CPU
		{F2E98400-A21C-4600-B7EC-1B8D3F84C3CD}.Release|Any CPU.Build.0 = Release|Any CPU
	EndGlobalSection
	GlobalSection(SolutionProperties) = preSolution
		HideSolutionNode = FALSE
	EndGlobalSection
EndGlobal
